
Microsoft Visual Studio Solution File, Format Version 12.00
# Visual Studio Version 17
VisualStudioVersion = 17.7.34221.43
MinimumVisualStudioVersion = 10.0.40219.1
Project("{FAE04EC0-301F-11D3-BF4B-00C04F79EFBC}") = "WebAPIRainbowSchoolDb", "WebAPIRainbowSchoolDb\WebAPIRainbowSchoolDb.csproj", "{D30392CC-9859-4C27-B6A3-622CBCF0B417}"
EndProject
Global
	GlobalSection(SolutionConfigurationPlatforms) = preSolution
		Debug|Any CPU = Debug|Any CPU
		Release|Any CPU = Release|Any CPU
	EndGlobalSection
	GlobalSection(ProjectConfigurationPlatforms) = postSolution
		{D30392CC-9859-4C27-B6A3-622CBCF0B417}.Debug|Any CPU.ActiveCfg = Debug|Any CPU
		{D30392CC-9859-4C27-B6A3-622CBCF0B417}.Debug|Any CPU.Build.0 = Debug|Any CPU
		{D30392CC-9859-4C27-B6A3-622CBCF0B417}.Release|Any CPU.ActiveCfg = Release|Any CPU
		{D30392CC-9859-4C27-B6A3-622CBCF0B417}.Release|Any CPU.Build.0 = Release|Any CPU
	EndGlobalSection
	GlobalSection(SolutionProperties) = preSolution
		HideSolutionNode = FALSE
	EndGlobalSection
	GlobalSection(ExtensibilityGlobals) = postSolution
		SolutionGuid = {076C852D-6773-468F-8EDF-C354140477A7}
	EndGlobalSection
EndGlobal
